
Microsoft Visual Studio Solution File, Format Version 12.00
# Visual Studio 15
VisualStudioVersion = 15.0.27004.2002
MinimumVisualStudioVersion = 10.0.40219.1
Project("{FAE04EC0-301F-11D3-BF4B-00C04F79EFBC}") = "FunWithArrays", "FunWithArrays\FunWithArrays.csproj", "{DDE52ED3-ABA8-4AB5-A2B2-433902062D13}"
EndProject
Project("{FAE04EC0-301F-11D3-BF4B-00C04F79EFBC}") = "FunWithMethods", "FunWithMethods\FunWithMethods.csproj", "{0ED3EFD7-64A7-4C47-92DE-836615A82991}"
EndProject
Project("{FAE04EC0-301F-11D3-BF4B-00C04F79EFBC}") = "MethodOverloading", "MethodOverloading\MethodOverloading.csproj", "{12640186-F2E5-44A6-B6BC-86895513EF3C}"
EndProject
Project("{FAE04EC0-301F-11D3-BF4B-00C04F79EFBC}") = "FunWithLocalFunctions", "FunWithLocalFunctions\FunWithLocalFunctions.csproj", "{9AFCE5FC-1209-465A-ACC0-C62AA441B67D}"
EndProject
Global
	GlobalSection(SolutionConfigurationPlatforms) = preSolution
		Debug|Any CPU = Debug|Any CPU
		Release|Any CPU = Release|Any CPU
	EndGlobalSection
	GlobalSection(ProjectConfigurationPlatforms) = postSolution
		{DDE52ED3-ABA8-4AB5-A2B2-433902062D13}.Debug|Any CPU.ActiveCfg = Debug|Any CPU
		{DDE52ED3-ABA8-4AB5-A2B2-433902062D13}.Debug|Any CPU.Build.0 = Debug|Any CPU
		{DDE52ED3-ABA8-4AB5-A2B2-433902062D13}.Release|Any CPU.ActiveCfg = Release|Any CPU
		{DDE52ED3-ABA8-4AB5-A2B2-433902062D13}.Release|Any CPU.Build.0 = Release|Any CPU
		{0ED3EFD7-64A7-4C47-92DE-836615A82991}.Debug|Any CPU.ActiveCfg = Debug|Any CPU
		{0ED3EFD7-64A7-4C47-92DE-836615A82991}.Debug|Any CPU.Build.0 = Debug|Any CPU
		{0ED3EFD7-64A7-4C47-92DE-836615A82991}.Release|Any CPU.ActiveCfg = Release|Any CPU
		{0ED3EFD7-64A7-4C47-92DE-836615A82991}.Release|Any CPU.Build.0 = Release|Any CPU
		{12640186-F2E5-44A6-B6BC-86895513EF3C}.Debug|Any CPU.ActiveCfg = Debug|Any CPU
		{12640186-F2E5-44A6-B6BC-86895513EF3C}.Debug|Any CPU.Build.0 = Debug|Any CPU
		{12640186-F2E5-44A6-B6BC-86895513EF3C}.Release|Any CPU.ActiveCfg = Release|Any CPU
		{12640186-F2E5-44A6-B6BC-86895513EF3C}.Release|Any CPU.Build.0 = Release|Any CPU
		{9AFCE5FC-1209-465A-ACC0-C62AA441B67D}.Debug|Any CPU.ActiveCfg = Debug|Any CPU
		{9AFCE5FC-1209-465A-ACC0-C62AA441B67D}.Debug|Any CPU.Build.0 = Debug|Any CPU
		{9AFCE5FC-1209-465A-ACC0-C62AA441B67D}.Release|Any CPU.ActiveCfg = Release|Any CPU
		{9AFCE5FC-1209-465A-ACC0-C62AA441B67D}.Release|Any CPU.Build.0 = Release|Any CPU
	EndGlobalSection
	GlobalSection(SolutionProperties) = preSolution
		HideSolutionNode = FALSE
	EndGlobalSection
	GlobalSection(ExtensibilityGlobals) = postSolution
		SolutionGuid = {E1317DFA-E7E9-4D58-BFCB-8152D1E1815E}
	EndGlobalSection
EndGlobal
